# This file is generated by running "yarn install" inside your project.
# Manual changes might be lost - proceed with caution!

__metadata:
  version: 4

"@babel/runtime@npm:^7.1.2, @babel/runtime@npm:^7.4.0":
  version: 7.9.2
  resolution: "@babel/runtime@npm:7.9.2"
  dependencies:
    regenerator-runtime: ^0.13.4
  checksum: 3317dc3ccac0b1d50053d6bb4bb8b3d62650df6aed6910fc22d9ea02db38754a082ca243955e5e421a1d89f67a5cdfd8f24fbe69dd63bb5868b7f8ab7ecb1271
  languageName: node
  linkType: hard

"gud@npm:^1.0.0":
  version: 1.0.0
  resolution: "gud@npm:1.0.0"
  checksum: 4206e983e79c58b47d88b82555cae8ff926b690abc382885f6388e69839953da1a9d79fc41532a2f0e3eb636cf998c6eb017cf6c8d26c01f09c9594a029a2f85
  languageName: node
  linkType: hard

"history@npm:^4.9.0":
  version: 4.10.1
  resolution: "history@npm:4.10.1"
  dependencies:
    "@babel/runtime": ^7.1.2
    loose-envify: ^1.2.0
    resolve-pathname: ^3.0.0
    tiny-invariant: ^1.0.2
    tiny-warning: ^1.0.0
    value-equal: ^1.0.1
  checksum: b3ede0b2a4e2b0b4f354a41a0e4158b09b1a8acd72a68e0da143a3989e2306fe271f41bfd7d0f7b9c1e8254b0f47c8da95e7433f7d9fda97c3f248fd3bb9839a
  languageName: node
  linkType: hard

"hoist-non-react-statics@npm:^3.1.0":
  version: 3.3.2
  resolution: "hoist-non-react-statics@npm:3.3.2"
  dependencies:
    react-is: ^16.7.0
  checksum: 0149f2c7a4ffc9e5d0550ac3dd19592673c1c8f1d0881e8db5641502c5d16900ecbd4b70b50c4086d4cafb05d2b84ba01ac06ad575bdf3ef742c97893b7273d1
  languageName: node
  linkType: hard

"isarray@npm:0.0.1":
  version: 0.0.1
  resolution: "isarray@npm:0.0.1"
  checksum: 86e6b850bfa7b1851b557982f80e35dd4dfe972828b0b1a90ec0e51199d6b4f435953756b03002721f5e43ea4ebc5d6bad05c5c1e158c3ff2cdf749f67e067ee
  languageName: node
  linkType: hard

"jquery@npm:^3.5.0":
  version: 3.5.0
  resolution: "jquery@npm:3.5.0"
  checksum: 88917723d0c8a51dc8c24df14e8780639b5368d04db7f6ffe6ac9964900eddb895b5a4f4f22123e034b85bb4f4ab08a4f079df97948669256821cbb8c73e3a9f
  languageName: node
  linkType: hard

"js-tokens@npm:^3.0.0 || ^4.0.0":
  version: 4.0.0
  resolution: "js-tokens@npm:4.0.0"
  checksum: b6b6b65a47500e55103e5ed962133b9c999dd14f00c49494b109e0379482d030ae0db629b870af4f9023991b21a3055749653fb836736f9c2a76046399e8d84a
  languageName: node
  linkType: hard

"loose-envify@npm:^1.2.0, loose-envify@npm:^1.3.1, loose-envify@npm:^1.4.0":
  version: 1.4.0
  resolution: "loose-envify@npm:1.4.0"
  dependencies:
    js-tokens: ^3.0.0 || ^4.0.0
  bin:
    loose-envify: cli.js
  checksum: decbd8d338ba7d1628b11b6c2a6635c799d12236d642c7f1b392683f013bcd7ad0f5a293ef118d3b1a214a8b7fd4e1d1e7d5b04e6eb0afa9f553e1a798dd9616
  languageName: node
  linkType: hard

"mini-create-react-context@npm:^0.3.0":
  version: 0.3.2
  resolution: "mini-create-react-context@npm:0.3.2"
  dependencies:
    "@babel/runtime": ^7.4.0
    gud: ^1.0.0
    tiny-warning: ^1.0.2
  peerDependencies:
    prop-types: ^15.0.0
    react: ^0.14.0 || ^15.0.0 || ^16.0.0
  checksum: 4c6b8b2c5f1ef0d49b721b7e193b66e5de475048a2b0699f3a1ba1af4fd6d8c566cfd2d40d96a8c1bc044ead4b48c74ce9fe02b96281ade39681c36740cf44f9
  languageName: node
  linkType: hard

"object-assign@npm:^4.1.1":
  version: 4.1.1
  resolution: "object-assign@npm:4.1.1"
  checksum: 8a281400d57a8880141ceb4335061b17e2d21405b2d5909e3fd71948d6b10f366c65d71a62aac27a0e45754a5e467bcc3f6ff78f26a929948d751b582b46d14e
  languageName: node
  linkType: hard

"path-to-regexp@npm:^1.7.0":
  version: 1.8.0
  resolution: "path-to-regexp@npm:1.8.0"
  dependencies:
    isarray: 0.0.1
  checksum: eda596fc89018b69ba46e7dd6ffbd83b4845dade9946c2a8d47c119e24f1cd3a1a35b13c0f89a4144ac355d2aa9e0bf631069679278cef284338cc00a98eeaa0
  languageName: node
  linkType: hard

"platform@workspace:.":
  version: 0.0.0-use.local
  resolution: "platform@workspace:."
  dependencies:
    jquery: ^3.5.0
    react-router-dom: ^5.1.2
  languageName: unknown
  linkType: soft

"prop-types@npm:^15.6.2":
  version: 15.7.2
  resolution: "prop-types@npm:15.7.2"
  dependencies:
    loose-envify: ^1.4.0
    object-assign: ^4.1.1
    react-is: ^16.8.1
  checksum: da88f65dc9f16e6bbe1428b5ccdd2c1dbb912a3bb8ef76f3637f2ebd073fa620f66be91a3ce6700ca792e7c17d7b3b0f123ac76e1212ebda7c8329edcdc860d4
  languageName: node
  linkType: hard

"react-is@npm:^16.6.0, react-is@npm:^16.7.0, react-is@npm:^16.8.1":
  version: 16.13.1
  resolution: "react-is@npm:16.13.1"
  checksum: 9659c004a370c15275784b1e848b735a7d403b5ba455e76b48d0840b05ee12bd79ef1dea520e7d70228367e0d95cc3cb894fbcbfda91c198b3339a96a0ecacc4
  languageName: node
  linkType: hard

"react-router-dom@npm:^5.1.2":
  version: 5.1.2
  resolution: "react-router-dom@npm:5.1.2"
  dependencies:
    "@babel/runtime": ^7.1.2
    history: ^4.9.0
    loose-envify: ^1.3.1
    prop-types: ^15.6.2
    react-router: 5.1.2
    tiny-invariant: ^1.0.2
    tiny-warning: ^1.0.0
  peerDependencies:
    react: ">=15"
  checksum: 88239aeeadfc9e2e7ae15d11aa6691cc010c8d7d2185720d6636655810922e122aca1a967b60fd6df90e0ec484aac98bf4c3b2d3c3a9e09bb313a19616893a68
  languageName: node
  linkType: hard

"react-router@npm:5.1.2":
  version: 5.1.2
  resolution: "react-router@npm:5.1.2"
  dependencies:
    "@babel/runtime": ^7.1.2
    history: ^4.9.0
    hoist-non-react-statics: ^3.1.0
    loose-envify: ^1.3.1
    mini-create-react-context: ^0.3.0
    path-to-regexp: ^1.7.0
    prop-types: ^15.6.2
    react-is: ^16.6.0
    tiny-invariant: ^1.0.2
    tiny-warning: ^1.0.0
  peerDependencies:
    react: ">=15"
  checksum: 2e8466ade3c7be3a771333c15e8ea3ec736a2c0a0e0b8f42078031f3b99da40ef00fe274e1dc44c556b4b6e9b8e8a248180fe53e98e18ea8d76a631af7461141
  languageName: node
  linkType: hard

"regenerator-runtime@npm:^0.13.4":
  version: 0.13.5
  resolution: "regenerator-runtime@npm:0.13.5"
  checksum: f6a81bcc6dc940fad36708583394072db70c1eedd813d29bb45ffd8855ed7e8f5437c2c79a7a09c3e027188f42510586d6aa05f2558ddf582c936fe5f151212f
  languageName: node
  linkType: hard

"resolve-pathname@npm:^3.0.0":
  version: 3.0.0
  resolution: "resolve-pathname@npm:3.0.0"
  checksum: df30117fb84505a9b8b059635c524cf48b943b44e288dc488e60c1d2f3781996bfb172b1995a026c4d391acd691564c196bbfc9461eb85463d00165dfdac06d8
  languageName: node
  linkType: hard

"tiny-invariant@npm:^1.0.2":
  version: 1.1.0
  resolution: "tiny-invariant@npm:1.1.0"
  checksum: cefe17857695cf05861e206bef8543e966eed89b89f0a76aaa9d322e2142e2c307a10be0532b4e9194904100972aee30832df995e0c8b83e9694d4ee4f0ab08d
  languageName: node
  linkType: hard

"tiny-warning@npm:^1.0.0, tiny-warning@npm:^1.0.2":
  version: 1.0.3
  resolution: "tiny-warning@npm:1.0.3"
  checksum: 568fd064d0f4f2249a3afd5b91fc2a1e09c71378fd96ee437f5524cda976b127a20ee3ccb0d2db224a492c03fd5a077ff052cbd89253d77772cf4fdbfc7cb79b
  languageName: node
  linkType: hard

"value-equal@npm:^1.0.1":
  version: 1.0.1
  resolution: "value-equal@npm:1.0.1"
  checksum: 0b317308c9904f5315b37da28e4960a18a6081fdc1eb484cab64d655a03149f5c9e0f7f7966b1d2c70c466daabfa32fce496c719fdb5a8e4b0072cbda892b8ab
  languageName: node
  linkType: hard
